
Microsoft Visual Studio Solution File, Format Version 12.00
# Visual Studio Version 17
VisualStudioVersion = 17.2.32526.322
MinimumVisualStudioVersion = 10.0.40219.1
Project("{FAE04EC0-301F-11D3-BF4B-00C04F79EFBC}") = "FTPConnectorExample", "FTPConnectorExample\FTPConnectorExample.csproj", "{C3B85F60-216F-49A7-92DE-03AAD7BD1F16}"
EndProject
Global
	GlobalSection(SolutionConfigurationPlatforms) = preSolution
		Debug|Any CPU = Debug|Any CPU
		Release|Any CPU = Release|Any CPU
	EndGlobalSection
	GlobalSection(ProjectConfigurationPlatforms) = postSolution
		{C3B85F60-216F-49A7-92DE-03AAD7BD1F16}.Debug|Any CPU.ActiveCfg = Debug|Any CPU
		{C3B85F60-216F-49A7-92DE-03AAD7BD1F16}.Debug|Any CPU.Build.0 = Debug|Any CPU
		{C3B85F60-216F-49A7-92DE-03AAD7BD1F16}.Release|Any CPU.ActiveCfg = Release|Any CPU
		{C3B85F60-216F-49A7-92DE-03AAD7BD1F16}.Release|Any CPU.Build.0 = Release|Any CPU
	EndGlobalSection
	GlobalSection(SolutionProperties) = preSolution
		HideSolutionNode = FALSE
	EndGlobalSection
	GlobalSection(ExtensibilityGlobals) = postSolution
		SolutionGuid = {291A0FFF-EB64-4B2E-A0FF-9C210FE425D3}
	EndGlobalSection
EndGlobal
